// !$*UTF8*$!
{
	archiveVersion = 1;
	classes = {
	};
	objectVersion = 77;
	objects = {

/* Begin PBXBuildFile section */
		B4A703E92D56D9E600D374BF /* Kingfisher in Frameworks */ = {isa = PBXBuildFile; productRef = B4A703E82D56D9E600D374BF /* Kingfisher */; };
/* End PBXBuildFile section */

/* Begin PBXContainerItemProxy section */
		B4A703A72D56D89200D374BF /* PBXContainerItemProxy */ = {
			isa = PBXContainerItemProxy;
			containerPortal = B4A7038E2D56D89100D374BF /* Project object */;
			proxyType = 1;
			remoteGlobalIDString = B4A703952D56D89100D374BF;
			remoteInfo = MyFlickrCVS;
		};
		B4A703B12D56D89200D374BF /* PBXContainerItemProxy */ = {
			isa = PBXContainerItemProxy;
			containerPortal = B4A7038E2D56D89100D374BF /* Project object */;
			proxyType = 1;
			remoteGlobalIDString = B4A703952D56D89100D374BF;
			remoteInfo = MyFlickrCVS;
		};
/* End PBXContainerItemProxy section */

/* Begin PBXFileReference section */
		B4A703962D56D89100D374BF /* MyFlickrCVS.app */ = {isa = PBXFileReference; explicitFileType = wrapper.application; includeInIndex = 0; path = MyFlickrCVS.app; sourceTree = BUILT_PRODUCTS_DIR; };
		B4A703A62D56D89200D374BF /* MyFlickrCVSTests.xctest */ = {isa = PBXFileReference; explicitFileType = wrapper.cfbundle; includeInIndex = 0; path = MyFlickrCVSTests.xctest; sourceTree = BUILT_PRODUCTS_DIR; };
		B4A703B02D56D89200D374BF /* MyFlickrCVSUITests.xctest */ = {isa = PBXFileReference; explicitFileType = wrapper.cfbundle; includeInIndex = 0; path = MyFlickrCVSUITests.xctest; sourceTree = BUILT_PRODUCTS_DIR; };
/* End PBXFileReference section */

/* Begin PBXFileSystemSynchronizedRootGroup section */
		B4A703982D56D89100D374BF /* MyFlickrCVS */ = {
			isa = PBXFileSystemSynchronizedRootGroup;
			path = MyFlickrCVS;
			sourceTree = "<group>";
		};
		B4A703A92D56D89200D374BF /* MyFlickrCVSTests */ = {
			isa = PBXFileSystemSynchronizedRootGroup;
			path = MyFlickrCVSTests;
			sourceTree = "<group>";
		};
		B4A703B32D56D89200D374BF /* MyFlickrCVSUITests */ = {
			isa = PBXFileSystemSynchronizedRootGroup;
			path = MyFlickrCVSUITests;
			sourceTree = "<group>";
		};
/* End PBXFileSystemSynchronizedRootGroup section */

/* Begin PBXFrameworksBuildPhase section */
		B4A703932D56D89100D374BF /* Frameworks */ = {
			isa = PBXFrameworksBuildPhase;
			buildActionMask = 2147483647;
			files = (
				B4A703E92D56D9E600D374BF /* Kingfisher in Frameworks */,
			);
			runOnlyForDeploymentPostprocessing = 0;
		};
		B4A703A32D56D89200D374BF /* Frameworks */ = {
			isa = PBXFrameworksBuildPhase;
			buildActionMask = 2147483647;
			files = (
			);
			runOnlyForDeploymentPostprocessing = 0;
		};
		B4A703AD2D56D89200D374BF /* Frameworks */ = {
			isa = PBXFrameworksBuildPhase;
			buildActionMask = 2147483647;
			files = (
			);
			runOnlyForDeploymentPostprocessing = 0;
		};
/* End PBXFrameworksBuildPhase section */

/* Begin PBXGroup section */
		B4A7038D2D56D89100D374BF = {
			isa = PBXGroup;
			children = (
				B4A703982D56D89100D374BF /* MyFlickrCVS */,
				B4A703A92D56D89200D374BF /* MyFlickrCVSTests */,
				B4A703B32D56D89200D374BF /* MyFlickrCVSUITests */,
				B4A703972D56D89100D374BF /* Products */,
			);
			sourceTree = "<group>";
		};
		B4A703972D56D89100D374BF /* Products */ = {
			isa = PBXGroup;
			children = (
				B4A703962D56D89100D374BF /* MyFlickrCVS.app */,
				B4A703A62D56D89200D374BF /* MyFlickrCVSTests.xctest */,
				B4A703B02D56D89200D374BF /* MyFlickrCVSUITests.xctest */,
			);
			name = Products;
			sourceTree = "<group>";
		};
/* End PBXGroup section */

/* Begin PBXNativeTarget section */
		B4A703952D56D89100D374BF /* MyFlickrCVS */ = {
			isa = PBXNativeTarget;
			buildConfigurationList = B4A703BA2D56D89200D374BF /* Build configuration list for PBXNativeTarget "MyFlickrCVS" */;
			buildPhases = (
				B4A703922D56D89100D374BF /* Sources */,
				B4A703932D56D89100D374BF /* Frameworks */,
				B4A703942D56D89100D374BF /* Resources */,
			);
			buildRules = (
			);
			dependencies = (
			);
			fileSystemSynchronizedGroups = (
				B4A703982D56D89100D374BF /* MyFlickrCVS */,
			);
			name = MyFlickrCVS;
			packageProductDependencies = (
				B4A703E82D56D9E600D374BF /* Kingfisher */,
			);
			productName = MyFlickrCVS;
			productReference = B4A703962D56D89100D374BF /* MyFlickrCVS.app */;
			productType = "com.apple.product-type.application";
		};
		B4A703A52D56D89200D374BF /* MyFlickrCVSTests */ = {
			isa = PBXNativeTarget;
			buildConfigurationList = B4A703BD2D56D89200D374BF /* Build configuration list for PBXNativeTarget "MyFlickrCVSTests" */;
			buildPhases = (
				B4A703A22D56D89200D374BF /* Sources */,
				B4A703A32D56D89200D374BF /* Frameworks */,
				B4A703A42D56D89200D374BF /* Resources */,
			);
			buildRules = (
			);
			dependencies = (
				B4A703A82D56D89200D374BF /* PBXTargetDependency */,
			);
			fileSystemSynchronizedGroups = (
				B4A703A92D56D89200D374BF /* MyFlickrCVSTests */,
			);
			name = MyFlickrCVSTests;
			packageProductDependencies = (
			);
			productName = MyFlickrCVSTests;
			productReference = B4A703A62D56D89200D374BF /* MyFlickrCVSTests.xctest */;
			productType = "com.apple.product-type.bundle.unit-test";
		};
		B4A703AF2D56D89200D374BF /* MyFlickrCVSUITests */ = {
			isa = PBXNativeTarget;
			buildConfigurationList = B4A703C02D56D89200D374BF /* Build configuration list for PBXNativeTarget "MyFlickrCVSUITests" */;
			buildPhases = (
				B4A703AC2D56D89200D374BF /* Sources */,
				B4A703AD2D56D89200D374BF /* Frameworks */,
				B4A703AE2D56D89200D374BF /* Resources */,
			);
			buildRules = (
			);
			dependencies = (
				B4A703B22D56D89200D374BF /* PBXTargetDependency */,
			);
			fileSystemSynchronizedGroups = (
				B4A703B32D56D89200D374BF /* MyFlickrCVSUITests */,
			);
			name = MyFlickrCVSUITests;
			packageProductDependencies = (
			);
			productName = MyFlickrCVSUITests;
			productReference = B4A703B02D56D89200D374BF /* MyFlickrCVSUITests.xctest */;
			productType = "com.apple.product-type.bundle.ui-testing";
		};
/* End PBXNativeTarget section */

/* Begin PBXProject section */
		B4A7038E2D56D89100D374BF /* Project object */ = {
			isa = PBXProject;
			attributes = {
				BuildIndependentTargetsInParallel = 1;
				LastSwiftUpdateCheck = 1610;
				LastUpgradeCheck = 1610;
				TargetAttributes = {
					B4A703952D56D89100D374BF = {
						CreatedOnToolsVersion = 16.1;
					};
					B4A703A52D56D89200D374BF = {
						CreatedOnToolsVersion = 16.1;
						TestTargetID = B4A703952D56D89100D374BF;
					};
					B4A703AF2D56D89200D374BF = {
						CreatedOnToolsVersion = 16.1;
						TestTargetID = B4A703952D56D89100D374BF;
					};
				};
			};
			buildConfigurationList = B4A703912D56D89100D374BF /* Build configuration list for PBXProject "MyFlickrCVS" */;
			developmentRegion = en;
			hasScannedForEncodings = 0;
			knownRegions = (
				en,
				Base,
			);
			mainGroup = B4A7038D2D56D89100D374BF;
			minimizedProjectReferenceProxies = 1;
			packageReferences = (
				B4A703E72D56D9E600D374BF /* XCRemoteSwiftPackageReference "Kingfisher" */,
			);
			preferredProjectObjectVersion = 77;
			productRefGroup = B4A703972D56D89100D374BF /* Products */;
			projectDirPath = "";
			projectRoot = "";
			targets = (
				B4A703952D56D89100D374BF /* MyFlickrCVS */,
				B4A703A52D56D89200D374BF /* MyFlickrCVSTests */,
				B4A703AF2D56D89200D374BF /* MyFlickrCVSUITests */,
			);
		};
/* End PBXProject section */

/* Begin PBXResourcesBuildPhase section */
		B4A703942D56D89100D374BF /* Resources */ = {
			isa = PBXResourcesBuildPhase;
			buildActionMask = 2147483647;
			files = (
			);
			runOnlyForDeploymentPostprocessing = 0;
		};
		B4A703A42D56D89200D374BF /* Resources */ = {
			isa = PBXResourcesBuildPhase;
			buildActionMask = 2147483647;
			files = (
			);
			runOnlyForDeploymentPostprocessing = 0;
		};
		B4A703AE2D56D89200D374BF /* Resources */ = {
			isa = PBXResourcesBuildPhase;
			buildActionMask = 2147483647;
			files = (
			);
			runOnlyForDeploymentPostprocessing = 0;
		};
/* End PBXResourcesBuildPhase section */

/* Begin PBXSourcesBuildPhase section */
		B4A703922D56D89100D374BF /* Sources */ = {
			isa = PBXSourcesBuildPhase;
			buildActionMask = 2147483647;
			files = (
			);
			runOnlyForDeploymentPostprocessing = 0;
		};
		B4A703A22D56D89200D374BF /* Sources */ = {
			isa = PBXSourcesBuildPhase;
			buildActionMask = 2147483647;
			files = (
			);
			runOnlyForDeploymentPostprocessing = 0;
		};
		B4A703AC2D56D89200D374BF /* Sources */ = {
			isa = PBXSourcesBuildPhase;
			buildActionMask = 2147483647;
			files = (
			);
			runOnlyForDeploymentPostprocessing = 0;
		};
/* End PBXSourcesBuildPhase section */

/* Begin PBXTargetDependency section */
		B4A703A82D56D89200D374BF /* PBXTargetDependency */ = {
			isa = PBXTargetDependency;
			target = B4A703952D56D89100D374BF /* MyFlickrCVS */;
			targetProxy = B4A703A72D56D89200D374BF /* PBXContainerItemProxy */;
		};
		B4A703B22D56D89200D374BF /* PBXTargetDependency */ = {
			isa = PBXTargetDependency;
			target = B4A703952D56D89100D374BF /* MyFlickrCVS */;
			targetProxy = B4A703B12D56D89200D374BF /* PBXContainerItemProxy */;
		};
/* End PBXTargetDependency section */

/* Begin XCBuildConfiguration section */
		B4A703B82D56D89200D374BF /* Debug */ = {
			isa = XCBuildConfiguration;
			buildSettings = {
				ALWAYS_SEARCH_USER_PATHS = NO;
				ASSETCATALOG_COMPILER_GENERATE_SWIFT_ASSET_SYMBOL_EXTENSIONS = YES;
				CLANG_ANALYZER_NONNULL = YES;
				CLANG_ANALYZER_NUMBER_OBJECT_CONVERSION = YES_AGGRESSIVE;
				CLANG_CXX_LANGUAGE_STANDARD = "gnu++20";
				CLANG_ENABLE_MODULES = YES;
				CLANG_ENABLE_OBJC_ARC = YES;
				CLANG_ENABLE_OBJC_WEAK = YES;
				CLANG_WARN_BLOCK_CAPTURE_AUTORELEASING = YES;
				CLANG_WARN_BOOL_CONVERSION = YES;
				CLANG_WARN_COMMA = YES;
				CLANG_WARN_CONSTANT_CONVERSION = YES;
				CLANG_WARN_DEPRECATED_OBJC_IMPLEMENTATIONS = YES;
				CLANG_WARN_DIRECT_OBJC_ISA_USAGE = YES_ERROR;
				CLANG_WARN_DOCUMENTATION_COMMENTS = YES;
				CLANG_WARN_EMPTY_BODY = YES;
				CLANG_WARN_ENUM_CONVERSION = YES;
				CLANG_WARN_INFINITE_RECURSION = YES;
				CLANG_WARN_INT_CONVERSION = YES;
				CLANG_WARN_NON_LITERAL_NULL_CONVERSION = YES;
				CLANG_WARN_OBJC_IMPLICIT_RETAIN_SELF = YES;
				CLANG_WARN_OBJC_LITERAL_CONVERSION = YES;
				CLANG_WARN_OBJC_ROOT_CLASS = YES_ERROR;
				CLANG_WARN_QUOTED_INCLUDE_IN_FRAMEWORK_HEADER = YES;
				CLANG_WARN_RANGE_LOOP_ANALYSIS = YES;
				CLANG_WARN_STRICT_PROTOTYPES = YES;
				CLANG_WARN_SUSPICIOUS_MOVE = YES;
				CLANG_WARN_UNGUARDED_AVAILABILITY = YES_AGGRESSIVE;
				CLANG_WARN_UNREACHABLE_CODE = YES;
				CLANG_WARN__DUPLICATE_METHOD_MATCH = YES;
				COPY_PHASE_STRIP = NO;
				DEBUG_INFORMATION_FORMAT = dwarf;
				ENABLE_STRICT_OBJC_MSGSEND = YES;
				ENABLE_TESTABILITY = YES;
				ENABLE_USER_SCRIPT_SANDBOXING = YES;
				GCC_C_LANGUAGE_STANDARD = gnu17;
				GCC_DYNAMIC_NO_PIC = NO;
				GCC_NO_COMMON_BLOCKS = YES;
				GCC_OPTIMIZATION_LEVEL = 0;
				GCC_PREPROCESSOR_DEFINITIONS = (
					"DEBUG=1",
					"$(inherited)",
				);
				GCC_WARN_64_TO_32_BIT_CONVERSION = YES;
				GCC_WARN_ABOUT_RETURN_TYPE = YES_ERROR;
				GCC_WARN_UNDECLARED_SELECTOR = YES;
				GCC_WARN_UNINITIALIZED_AUTOS = YES_AGGRESSIVE;
				GCC_WARN_UNUSED_FUNCTION = YES;
				GCC_WARN_UNUSED_VARIABLE = YES;
				IPHONEOS_DEPLOYMENT_TARGET = 18.1;
				LOCALIZATION_PREFERS_STRING_CATALOGS = YES;
				MTL_ENABLE_DEBUG_INFO = INCLUDE_SOURCE;
				MTL_FAST_MATH = YES;
				ONLY_ACTIVE_ARCH = YES;
				SDKROOT = iphoneos;
				SWIFT_ACTIVE_COMPILATION_CONDITIONS = "DEBUG $(inherited)";
				SWIFT_OPTIMIZATION_LEVEL = "-Onone";
			};
			name = Debug;
		};
		B4A703B92D56D89200D374BF /* Release */ = {
			isa = XCBuildConfiguration;
			buildSettings = {
				ALWAYS_SEARCH_USER_PATHS = NO;
				ASSETCATALOG_COMPILER_GENERATE_SWIFT_ASSET_SYMBOL_EXTENSIONS = YES;
				CLANG_ANALYZER_NONNULL = YES;
				CLANG_ANALYZER_NUMBER_OBJECT_CONVERSION = YES_AGGRESSIVE;
				CLANG_CXX_LANGUAGE_STANDARD = "gnu++20";
				CLANG_ENABLE_MODULES = YES;
				CLANG_ENABLE_OBJC_ARC = YES;
				CLANG_ENABLE_OBJC_WEAK = YES;
				CLANG_WARN_BLOCK_CAPTURE_AUTORELEASING = YES;
				CLANG_WARN_BOOL_CONVERSION = YES;
				CLANG_WARN_COMMA = YES;
				CLANG_WARN_CONSTANT_CONVERSION = YES;
				CLANG_WARN_DEPRECATED_OBJC_IMPLEMENTATIONS = YES;
				CLANG_WARN_DIRECT_OBJC_ISA_USAGE = YES_ERROR;
				CLANG_WARN_DOCUMENTATION_COMMENTS = YES;
				CLANG_WARN_EMPTY_BODY = YES;
				CLANG_WARN_ENUM_CONVERSION = YES;
				CLANG_WARN_INFINITE_RECURSION = YES;
				CLANG_WARN_INT_CONVERSION = YES;
				CLANG_WARN_NON_LITERAL_NULL_CONVERSION = YES;
				CLANG_WARN_OBJC_IMPLICIT_RETAIN_SELF = YES;
				CLANG_WARN_OBJC_LITERAL_CONVERSION = YES;
				CLANG_WARN_OBJC_ROOT_CLASS = YES_ERROR;
				CLANG_WARN_QUOTED_INCLUDE_IN_FRAMEWORK_HEADER = YES;
				CLANG_WARN_RANGE_LOOP_ANALYSIS = YES;
				CLANG_WARN_STRICT_PROTOTYPES = YES;
				CLANG_WARN_SUSPICIOUS_MOVE = YES;
				CLANG_WARN_UNGUARDED_AVAILABILITY = YES_AGGRESSIVE;
				CLANG_WARN_UNREACHABLE_CODE = YES;
				CLANG_WARN__DUPLICATE_METHOD_MATCH = YES;
				COPY_PHASE_STRIP = NO;
				DEBUG_INFORMATION_FORMAT = "dwarf-with-dsym";
				ENABLE_NS_ASSERTIONS = NO;
				ENABLE_STRICT_OBJC_MSGSEND = YES;
				ENABLE_USER_SCRIPT_SANDBOXING = YES;
				GCC_C_LANGUAGE_STANDARD = gnu17;
				GCC_NO_COMMON_BLOCKS = YES;
				GCC_WARN_64_TO_32_BIT_CONVERSION = YES;
				GCC_WARN_ABOUT_RETURN_TYPE = YES_ERROR;
				GCC_WARN_UNDECLARED_SELECTOR = YES;
				GCC_WARN_UNINITIALIZED_AUTOS = YES_AGGRESSIVE;
				GCC_WARN_UNUSED_FUNCTION = YES;
				GCC_WARN_UNUSED_VARIABLE = YES;
				IPHONEOS_DEPLOYMENT_TARGET = 18.1;
				LOCALIZATION_PREFERS_STRING_CATALOGS = YES;
				MTL_ENABLE_DEBUG_INFO = NO;
				MTL_FAST_MATH = YES;
				SDKROOT = iphoneos;
				SWIFT_COMPILATION_MODE = wholemodule;
				VALIDATE_PRODUCT = YES;
			};
			name = Release;
		};
		B4A703BB2D56D89200D374BF /* Debug */ = {
			isa = XCBuildConfiguration;
			buildSettings = {
				ASSETCATALOG_COMPILER_APPICON_NAME = AppIcon;
				ASSETCATALOG_COMPILER_GLOBAL_ACCENT_COLOR_NAME = AccentColor;
				CODE_SIGN_STYLE = Automatic;
				CURRENT_PROJECT_VERSION = 1;
				DEVELOPMENT_ASSET_PATHS = "\"MyFlickrCVS/Preview Content\"";
				ENABLE_PREVIEWS = YES;
				GENERATE_INFOPLIST_FILE = YES;
				INFOPLIST_KEY_UIApplicationSceneManifest_Generation = YES;
				INFOPLIST_KEY_UIApplicationSupportsIndirectInputEvents = YES;
				INFOPLIST_KEY_UILaunchScreen_Generation = YES;
				INFOPLIST_KEY_UISupportedInterfaceOrientations_iPad = "UIInterfaceOrientationPortrait UIInterfaceOrientationPortraitUpsideDown UIInterfaceOrientationLandscapeLeft UIInterfaceOrientationLandscapeRight";
				INFOPLIST_KEY_UISupportedInterfaceOrientations_iPhone = "UIInterfaceOrientationPortrait UIInterfaceOrientationLandscapeLeft UIInterfaceOrientationLandscapeRight";
				LD_RUNPATH_SEARCH_PATHS = (
					"$(inherited)",
					"@executable_path/Frameworks",
				);
				MARKETING_VERSION = 1.0;
				PRODUCT_BUNDLE_IDENTIFIER = com.Jesus.MyFlickrCVS;
				PRODUCT_NAME = "$(TARGET_NAME)";
				SWIFT_EMIT_LOC_STRINGS = YES;
				SWIFT_VERSION = 5.0;
				TARGETED_DEVICE_FAMILY = "1,2";
			};
			name = Debug;
		};
		B4A703BC2D56D89200D374BF /* Release */ = {
			isa = XCBuildConfiguration;
			buildSettings = {
				ASSETCATALOG_COMPILER_APPICON_NAME = AppIcon;
				ASSETCATALOG_COMPILER_GLOBAL_ACCENT_COLOR_NAME = AccentColor;
				CODE_SIGN_STYLE = Automatic;
				CURRENT_PROJECT_VERSION = 1;
				DEVELOPMENT_ASSET_PATHS = "\"MyFlickrCVS/Preview Content\"";
				ENABLE_PREVIEWS = YES;
				GENERATE_INFOPLIST_FILE = YES;
				INFOPLIST_KEY_UIApplicationSceneManifest_Generation = YES;
				INFOPLIST_KEY_UIApplicationSupportsIndirectInputEvents = YES;
				INFOPLIST_KEY_UILaunchScreen_Generation = YES;
				INFOPLIST_KEY_UISupportedInterfaceOrientations_iPad = "UIInterfaceOrientationPortrait UIInterfaceOrientationPortraitUpsideDown UIInterfaceOrientationLandscapeLeft UIInterfaceOrientationLandscapeRight";
				INFOPLIST_KEY_UISupportedInterfaceOrientations_iPhone = "UIInterfaceOrientationPortrait UIInterfaceOrientationLandscapeLeft UIInterfaceOrientationLandscapeRight";
				LD_RUNPATH_SEARCH_PATHS = (
					"$(inherited)",
					"@executable_path/Frameworks",
				);
				MARKETING_VERSION = 1.0;
				PRODUCT_BUNDLE_IDENTIFIER = com.Jesus.MyFlickrCVS;
				PRODUCT_NAME = "$(TARGET_NAME)";
				SWIFT_EMIT_LOC_STRINGS = YES;
				SWIFT_VERSION = 5.0;
				TARGETED_DEVICE_FAMILY = "1,2";
			};
			name = Release;
		};
		B4A703BE2D56D89200D374BF /* Debug */ = {
			isa = XCBuildConfiguration;
			buildSettings = {
				BUNDLE_LOADER = "$(TEST_HOST)";
				CODE_SIGN_STYLE = Automatic;
				CURRENT_PROJECT_VERSION = 1;
				GENERATE_INFOPLIST_FILE = YES;
				IPHONEOS_DEPLOYMENT_TARGET = 18.1;
				MARKETING_VERSION = 1.0;
				PRODUCT_BUNDLE_IDENTIFIER = com.Jesus.MyFlickrCVSTests;
				PRODUCT_NAME = "$(TARGET_NAME)";
				SWIFT_EMIT_LOC_STRINGS = NO;
				SWIFT_VERSION = 5.0;
				TARGETED_DEVICE_FAMILY = "1,2";
				TEST_HOST = "$(BUILT_PRODUCTS_DIR)/MyFlickrCVS.app/$(BUNDLE_EXECUTABLE_FOLDER_PATH)/MyFlickrCVS";
			};
			name = Debug;
		};
		B4A703BF2D56D89200D374BF /* Release */ = {
			isa = XCBuildConfiguration;
			buildSettings = {
				BUNDLE_LOADER = "$(TEST_HOST)";
				CODE_SIGN_STYLE = Automatic;
				CURRENT_PROJECT_VERSION = 1;
				GENERATE_INFOPLIST_FILE = YES;
				IPHONEOS_DEPLOYMENT_TARGET = 18.1;
				MARKETING_VERSION = 1.0;
				PRODUCT_BUNDLE_IDENTIFIER = com.Jesus.MyFlickrCVSTests;
				PRODUCT_NAME = "$(TARGET_NAME)";
				SWIFT_EMIT_LOC_STRINGS = NO;
				SWIFT_VERSION = 5.0;
				TARGETED_DEVICE_FAMILY = "1,2";
				TEST_HOST = "$(BUILT_PRODUCTS_DIR)/MyFlickrCVS.app/$(BUNDLE_EXECUTABLE_FOLDER_PATH)/MyFlickrCVS";
			};
			name = Release;
		};
		B4A703C12D56D89200D374BF /* Debug */ = {
			isa = XCBuildConfiguration;
			buildSettings = {
				CODE_SIGN_STYLE = Automatic;
				CURRENT_PROJECT_VERSION = 1;
				GENERATE_INFOPLIST_FILE = YES;
				MARKETING_VERSION = 1.0;
				PRODUCT_BUNDLE_IDENTIFIER = com.Jesus.MyFlickrCVSUITests;
				PRODUCT_NAME = "$(TARGET_NAME)";
				SWIFT_EMIT_LOC_STRINGS = NO;
				SWIFT_VERSION = 5.0;
				TARGETED_DEVICE_FAMILY = "1,2";
				TEST_TARGET_NAME = MyFlickrCVS;
			};
			name = Debug;
		};
		B4A703C22D56D89200D374BF /* Release */ = {
			isa = XCBuildConfiguration;
			buildSettings = {
				CODE_SIGN_STYLE = Automatic;
				CURRENT_PROJECT_VERSION = 1;
				GENERATE_INFOPLIST_FILE = YES;
				MARKETING_VERSION = 1.0;
				PRODUCT_BUNDLE_IDENTIFIER = com.Jesus.MyFlickrCVSUITests;
				PRODUCT_NAME = "$(TARGET_NAME)";
				SWIFT_EMIT_LOC_STRINGS = NO;
				SWIFT_VERSION = 5.0;
				TARGETED_DEVICE_FAMILY = "1,2";
				TEST_TARGET_NAME = MyFlickrCVS;
			};
			name = Release;
		};
/* End XCBuildConfiguration section */

/* Begin XCConfigurationList section */
		B4A703912D56D89100D374BF /* Build configuration list for PBXProject "MyFlickrCVS" */ = {
			isa = XCConfigurationList;
			buildConfigurations = (
				B4A703B82D56D89200D374BF /* Debug */,
				B4A703B92D56D89200D374BF /* Release */,
			);
			defaultConfigurationIsVisible = 0;
			defaultConfigurationName = Release;
		};
		B4A703BA2D56D89200D374BF /* Build configuration list for PBXNativeTarget "MyFlickrCVS" */ = {
			isa = XCConfigurationList;
			buildConfigurations = (
				B4A703BB2D56D89200D374BF /* Debug */,
				B4A703BC2D56D89200D374BF /* Release */,
			);
			defaultConfigurationIsVisible = 0;
			defaultConfigurationName = Release;
		};
		B4A703BD2D56D89200D374BF /* Build configuration list for PBXNativeTarget "MyFlickrCVSTests" */ = {
			isa = XCConfigurationList;
			buildConfigurations = (
				B4A703BE2D56D89200D374BF /* Debug */,
				B4A703BF2D56D89200D374BF /* Release */,
			);
			defaultConfigurationIsVisible = 0;
			defaultConfigurationName = Release;
		};
		B4A703C02D56D89200D374BF /* Build configuration list for PBXNativeTarget "MyFlickrCVSUITests" */ = {
			isa = XCConfigurationList;
			buildConfigurations = (
				B4A703C12D56D89200D374BF /* Debug */,
				B4A703C22D56D89200D374BF /* Release */,
			);
			defaultConfigurationIsVisible = 0;
			defaultConfigurationName = Release;
		};
/* End XCConfigurationList section */

/* Begin XCRemoteSwiftPackageReference section */
		B4A703E72D56D9E600D374BF /* XCRemoteSwiftPackageReference "Kingfisher" */ = {
			isa = XCRemoteSwiftPackageReference;
			repositoryURL = "https://github.com/onevcat/Kingfisher";
			requirement = {
				kind = upToNextMajorVersion;
				minimumVersion = 8.2.0;
			};
		};
/* End XCRemoteSwiftPackageReference section */

/* Begin XCSwiftPackageProductDependency section */
		B4A703E82D56D9E600D374BF /* Kingfisher */ = {
			isa = XCSwiftPackageProductDependency;
			package = B4A703E72D56D9E600D374BF /* XCRemoteSwiftPackageReference "Kingfisher" */;
			productName = Kingfisher;
		};
/* End XCSwiftPackageProductDependency section */
	};
	rootObject = B4A7038E2D56D89100D374BF /* Project object */;
}
